
Microsoft Visual Studio Solution File, Format Version 12.00
# Visual Studio 15
VisualStudioVersion = 15.0.28307.329
MinimumVisualStudioVersion = 10.0.40219.1
Project("{FAE04EC0-301F-11D3-BF4B-00C04F79EFBC}") = "NetCoreRedis", "NetCoreRedis\NetCoreRedis.csproj", "{06D917BE-8758-4F8A-A616-7DF794AB29FC}"
EndProject
Global
	GlobalSection(SolutionConfigurationPlatforms) = preSolution
		Debug|Any CPU = Debug|Any CPU
		Release|Any CPU = Release|Any CPU
	EndGlobalSection
	GlobalSection(ProjectConfigurationPlatforms) = postSolution
		{06D917BE-8758-4F8A-A616-7DF794AB29FC}.Debug|Any CPU.ActiveCfg = Debug|Any CPU
		{06D917BE-8758-4F8A-A616-7DF794AB29FC}.Debug|Any CPU.Build.0 = Debug|Any CPU
		{06D917BE-8758-4F8A-A616-7DF794AB29FC}.Release|Any CPU.ActiveCfg = Release|Any CPU
		{06D917BE-8758-4F8A-A616-7DF794AB29FC}.Release|Any CPU.Build.0 = Release|Any CPU
	EndGlobalSection
	GlobalSection(SolutionProperties) = preSolution
		HideSolutionNode = FALSE
	EndGlobalSection
	GlobalSection(ExtensibilityGlobals) = postSolution
		SolutionGuid = {6730821C-D7C4-477F-872B-DECBA0CEA5AE}
	EndGlobalSection
EndGlobal
